
Microsoft Visual Studio Solution File, Format Version 12.00
# Visual Studio Version 16
VisualStudioVersion = 16.0.31005.135
MinimumVisualStudioVersion = 10.0.40219.1
Project("{FAE04EC0-301F-11D3-BF4B-00C04F79EFBC}") = "EndGame", "EndGame\EndGame.csproj", "{0A25937F-DB73-4D55-93E4-260314346C22}"
EndProject
Global
	GlobalSection(SolutionConfigurationPlatforms) = preSolution
		Debug|Any CPU = Debug|Any CPU
		Release|Any CPU = Release|Any CPU
	EndGlobalSection
	GlobalSection(ProjectConfigurationPlatforms) = postSolution
		{0A25937F-DB73-4D55-93E4-260314346C22}.Debug|Any CPU.ActiveCfg = Debug|Any CPU
		{0A25937F-DB73-4D55-93E4-260314346C22}.Debug|Any CPU.Build.0 = Debug|Any CPU
		{0A25937F-DB73-4D55-93E4-260314346C22}.Release|Any CPU.ActiveCfg = Release|Any CPU
		{0A25937F-DB73-4D55-93E4-260314346C22}.Release|Any CPU.Build.0 = Release|Any CPU
	EndGlobalSection
	GlobalSection(SolutionProperties) = preSolution
		HideSolutionNode = FALSE
	EndGlobalSection
	GlobalSection(ExtensibilityGlobals) = postSolution
		SolutionGuid = {B7D9B423-FCAE-4D55-A721-B1EEFDB98145}
	EndGlobalSection
EndGlobal
