
Microsoft Visual Studio Solution File, Format Version 12.00
# Visual Studio 15
Project("{FAE04EC0-301F-11D3-BF4B-00C04F79EFBC}") = "Assembly-CSharp", "Assembly-CSharp.csproj", "{F8123DA6-E9AE-B58F-1C9B-B8FFF3E844EE}"
EndProject
Project("{FAE04EC0-301F-11D3-BF4B-00C04F79EFBC}") = "Assembly-CSharp-Editor", "Assembly-CSharp-Editor.csproj", "{91A08C76-2A52-9A98-5B7C-D87A3C244A75}"
EndProject
Global
	GlobalSection(SolutionConfigurationPlatforms) = preSolution
		Debug|Any CPU = Debug|Any CPU
		Release|Any CPU = Release|Any CPU
	EndGlobalSection
	GlobalSection(ProjectConfigurationPlatforms) = postSolution
		{F8123DA6-E9AE-B58F-1C9B-B8FFF3E844EE}.Debug|Any CPU.ActiveCfg = Debug|Any CPU
		{F8123DA6-E9AE-B58F-1C9B-B8FFF3E844EE}.Debug|Any CPU.Build.0 = Debug|Any CPU
		{F8123DA6-E9AE-B58F-1C9B-B8FFF3E844EE}.Release|Any CPU.ActiveCfg = Release|Any CPU
		{F8123DA6-E9AE-B58F-1C9B-B8FFF3E844EE}.Release|Any CPU.Build.0 = Release|Any CPU
		{91A08C76-2A52-9A98-5B7C-D87A3C244A75}.Debug|Any CPU.ActiveCfg = Debug|Any CPU
		{91A08C76-2A52-9A98-5B7C-D87A3C244A75}.Debug|Any CPU.Build.0 = Debug|Any CPU
		{91A08C76-2A52-9A98-5B7C-D87A3C244A75}.Release|Any CPU.ActiveCfg = Release|Any CPU
		{91A08C76-2A52-9A98-5B7C-D87A3C244A75}.Release|Any CPU.Build.0 = Release|Any CPU
	EndGlobalSection
	GlobalSection(SolutionProperties) = preSolution
		HideSolutionNode = FALSE
	EndGlobalSection
EndGlobal
