
Microsoft Visual Studio Solution File, Format Version 12.00
# Visual Studio Version 16
VisualStudioVersion = 16.0.31624.102
MinimumVisualStudioVersion = 10.0.40219.1
Project("{FAE04EC0-301F-11D3-BF4B-00C04F79EFBC}") = "Project1", "Project1\Project1.csproj", "{07E6EE32-34FC-4FF3-8F1C-381C4AD56010}"
EndProject
Global
	GlobalSection(SolutionConfigurationPlatforms) = preSolution
		Debug|Any CPU = Debug|Any CPU
		Release|Any CPU = Release|Any CPU
	EndGlobalSection
	GlobalSection(ProjectConfigurationPlatforms) = postSolution
		{07E6EE32-34FC-4FF3-8F1C-381C4AD56010}.Debug|Any CPU.ActiveCfg = Debug|Any CPU
		{07E6EE32-34FC-4FF3-8F1C-381C4AD56010}.Debug|Any CPU.Build.0 = Debug|Any CPU
		{07E6EE32-34FC-4FF3-8F1C-381C4AD56010}.Release|Any CPU.ActiveCfg = Release|Any CPU
		{07E6EE32-34FC-4FF3-8F1C-381C4AD56010}.Release|Any CPU.Build.0 = Release|Any CPU
	EndGlobalSection
	GlobalSection(SolutionProperties) = preSolution
		HideSolutionNode = FALSE
	EndGlobalSection
	GlobalSection(ExtensibilityGlobals) = postSolution
		SolutionGuid = {5ABE0681-172D-4765-B7D0-82BC044A087E}
	EndGlobalSection
EndGlobal
